
Microsoft Visual Studio Solution File, Format Version 12.00
# Visual Studio Version 16
VisualStudioVersion = 16.0.33920.266
MinimumVisualStudioVersion = 10.0.40219.1
Project("{FAE04EC0-301F-11D3-BF4B-00C04F79EFBC}") = "Klarf_pyj", "Klarf_pyj\Klarf_pyj.csproj", "{04BB29B5-D843-481B-9922-133DF1BFDAF5}"
EndProject
Global
	GlobalSection(SolutionConfigurationPlatforms) = preSolution
		Debug|Any CPU = Debug|Any CPU
		Release|Any CPU = Release|Any CPU
	EndGlobalSection
	GlobalSection(ProjectConfigurationPlatforms) = postSolution
		{04BB29B5-D843-481B-9922-133DF1BFDAF5}.Debug|Any CPU.ActiveCfg = Debug|Any CPU
		{04BB29B5-D843-481B-9922-133DF1BFDAF5}.Debug|Any CPU.Build.0 = Debug|Any CPU
		{04BB29B5-D843-481B-9922-133DF1BFDAF5}.Release|Any CPU.ActiveCfg = Release|Any CPU
		{04BB29B5-D843-481B-9922-133DF1BFDAF5}.Release|Any CPU.Build.0 = Release|Any CPU
	EndGlobalSection
	GlobalSection(SolutionProperties) = preSolution
		HideSolutionNode = FALSE
	EndGlobalSection
	GlobalSection(ExtensibilityGlobals) = postSolution
		SolutionGuid = {BB5404D9-2C3C-46E7-B013-4D1AC683718E}
	EndGlobalSection
EndGlobal
